// !$*UTF8*$!
{
	archiveVersion = 1;
	classes = {
	};
	objectVersion = 46;
	objects = {

/* Begin PBXBuildFile section */
		D3C7B1AF20ABF4AD0015CE34 /* main.m in Sources */ = {isa = PBXBuildFile; fileRef = D3C7B1AE20ABF4AD0015CE34 /* main.m */; };
		D3C7B1B220ABF4AD0015CE34 /* AppDelegate.m in Sources */ = {isa = PBXBuildFile; fileRef = D3C7B1B120ABF4AD0015CE34 /* AppDelegate.m */; };
		D3C7B1B520ABF4AD0015CE34 /* ViewController.m in Sources */ = {isa = PBXBuildFile; fileRef = D3C7B1B420ABF4AD0015CE34 /* ViewController.m */; };
		D3C7B1B820ABF4AD0015CE34 /* Main.storyboard in Resources */ = {isa = PBXBuildFile; fileRef = D3C7B1B620ABF4AD0015CE34 /* Main.storyboard */; };
		D3C7B1BA20ABF4AD0015CE34 /* Assets.xcassets in Resources */ = {isa = PBXBuildFile; fileRef = D3C7B1B920ABF4AD0015CE34 /* Assets.xcassets */; };
		D3C7B1BD20ABF4AD0015CE34 /* LaunchScreen.storyboard in Resources */ = {isa = PBXBuildFile; fileRef = D3C7B1BB20ABF4AD0015CE34 /* LaunchScreen.storyboard */; };
		D3C7B1C820ABF4AE0015CE34 /* TelstraAssignment_ObjCTests.m in Sources */ = {isa = PBXBuildFile; fileRef = D3C7B1C720ABF4AE0015CE34 /* TelstraAssignment_ObjCTests.m */; };
		D3C7B1D320ABF4AE0015CE34 /* TelstraAssignment_ObjCUITests.m in Sources */ = {isa = PBXBuildFile; fileRef = D3C7B1D220ABF4AE0015CE34 /* TelstraAssignment_ObjCUITests.m */; };
		D3C7B1EA20AC0DED0015CE34 /* CustomeTableViewCell.m in Sources */ = {isa = PBXBuildFile; fileRef = D3C7B1E920AC0DED0015CE34 /* CustomeTableViewCell.m */; };
		D3C7B1ED20AC38930015CE34 /* SystemConfiguration.framework in Frameworks */ = {isa = PBXBuildFile; fileRef = D3C7B1EC20AC38930015CE34 /* SystemConfiguration.framework */; };
		D3C7B1F020AC38C70015CE34 /* Reachability.m in Sources */ = {isa = PBXBuildFile; fileRef = D3C7B1EF20AC38C70015CE34 /* Reachability.m */; };
		D3C7B1F720AC3BBD0015CE34 /* UIAlertController+show.m in Sources */ = {isa = PBXBuildFile; fileRef = D3C7B1F620AC3BBD0015CE34 /* UIAlertController+show.m */; };
		D3C7B1FA20AC406F0015CE34 /* DataModel.m in Sources */ = {isa = PBXBuildFile; fileRef = D3C7B1F920AC406F0015CE34 /* DataModel.m */; };
/* End PBXBuildFile section */

/* Begin PBXContainerItemProxy section */
		D3C7B1C420ABF4AE0015CE34 /* PBXContainerItemProxy */ = {
			isa = PBXContainerItemProxy;
			containerPortal = D3C7B1A220ABF4AD0015CE34 /* Project object */;
			proxyType = 1;
			remoteGlobalIDString = D3C7B1A920ABF4AD0015CE34;
			remoteInfo = TelstraAssignment_ObjC;
		};
		D3C7B1CF20ABF4AE0015CE34 /* PBXContainerItemProxy */ = {
			isa = PBXContainerItemProxy;
			containerPortal = D3C7B1A220ABF4AD0015CE34 /* Project object */;
			proxyType = 1;
			remoteGlobalIDString = D3C7B1A920ABF4AD0015CE34;
			remoteInfo = TelstraAssignment_ObjC;
		};
/* End PBXContainerItemProxy section */

/* Begin PBXFileReference section */
		D3C7B1AA20ABF4AD0015CE34 /* TelstraAssignment_ObjC.app */ = {isa = PBXFileReference; explicitFileType = wrapper.application; includeInIndex = 0; path = TelstraAssignment_ObjC.app; sourceTree = BUILT_PRODUCTS_DIR; };
		D3C7B1AE20ABF4AD0015CE34 /* main.m */ = {isa = PBXFileReference; lastKnownFileType = sourcecode.c.objc; path = main.m; sourceTree = "<group>"; };
		D3C7B1B020ABF4AD0015CE34 /* AppDelegate.h */ = {isa = PBXFileReference; lastKnownFileType = sourcecode.c.h; path = AppDelegate.h; sourceTree = "<group>"; };
		D3C7B1B120ABF4AD0015CE34 /* AppDelegate.m */ = {isa = PBXFileReference; lastKnownFileType = sourcecode.c.objc; path = AppDelegate.m; sourceTree = "<group>"; };
		D3C7B1B320ABF4AD0015CE34 /* ViewController.h */ = {isa = PBXFileReference; lastKnownFileType = sourcecode.c.h; path = ViewController.h; sourceTree = "<group>"; };
		D3C7B1B420ABF4AD0015CE34 /* ViewController.m */ = {isa = PBXFileReference; lastKnownFileType = sourcecode.c.objc; path = ViewController.m; sourceTree = "<group>"; };
		D3C7B1B720ABF4AD0015CE34 /* Base */ = {isa = PBXFileReference; lastKnownFileType = file.storyboard; name = Base; path = Base.lproj/Main.storyboard; sourceTree = "<group>"; };
		D3C7B1B920ABF4AD0015CE34 /* Assets.xcassets */ = {isa = PBXFileReference; lastKnownFileType = folder.assetcatalog; path = Assets.xcassets; sourceTree = "<group>"; };
		D3C7B1BC20ABF4AD0015CE34 /* Base */ = {isa = PBXFileReference; lastKnownFileType = file.storyboard; name = Base; path = Base.lproj/LaunchScreen.storyboard; sourceTree = "<group>"; };
		D3C7B1BE20ABF4AD0015CE34 /* Info.plist */ = {isa = PBXFileReference; lastKnownFileType = text.plist.xml; path = Info.plist; sourceTree = "<group>"; };
		D3C7B1C320ABF4AE0015CE34 /* TelstraAssignment_ObjCTests.xctest */ = {isa = PBXFileReference; explicitFileType = wrapper.cfbundle; includeInIndex = 0; path = TelstraAssignment_ObjCTests.xctest; sourceTree = BUILT_PRODUCTS_DIR; };
		D3C7B1C720ABF4AE0015CE34 /* TelstraAssignment_ObjCTests.m */ = {isa = PBXFileReference; lastKnownFileType = sourcecode.c.objc; path = TelstraAssignment_ObjCTests.m; sourceTree = "<group>"; };
		D3C7B1C920ABF4AE0015CE34 /* Info.plist */ = {isa = PBXFileReference; lastKnownFileType = text.plist.xml; path = Info.plist; sourceTree = "<group>"; };
		D3C7B1CE20ABF4AE0015CE34 /* TelstraAssignment_ObjCUITests.xctest */ = {isa = PBXFileReference; explicitFileType = wrapper.cfbundle; includeInIndex = 0; path = TelstraAssignment_ObjCUITests.xctest; sourceTree = BUILT_PRODUCTS_DIR; };
		D3C7B1D220ABF4AE0015CE34 /* TelstraAssignment_ObjCUITests.m */ = {isa = PBXFileReference; lastKnownFileType = sourcecode.c.objc; path = TelstraAssignment_ObjCUITests.m; sourceTree = "<group>"; };
		D3C7B1D420ABF4AE0015CE34 /* Info.plist */ = {isa = PBXFileReference; lastKnownFileType = text.plist.xml; path = Info.plist; sourceTree = "<group>"; };
		D3C7B1E620AC09B30015CE34 /* Constant.h */ = {isa = PBXFileReference; lastKnownFileType = sourcecode.c.h; path = Constant.h; sourceTree = "<group>"; };
		D3C7B1E820AC0DED0015CE34 /* CustomeTableViewCell.h */ = {isa = PBXFileReference; fileEncoding = 4; lastKnownFileType = sourcecode.c.h; path = CustomeTableViewCell.h; sourceTree = "<group>"; };
		D3C7B1E920AC0DED0015CE34 /* CustomeTableViewCell.m */ = {isa = PBXFileReference; fileEncoding = 4; lastKnownFileType = sourcecode.c.objc; path = CustomeTableViewCell.m; sourceTree = "<group>"; };
		D3C7B1EC20AC38930015CE34 /* SystemConfiguration.framework */ = {isa = PBXFileReference; lastKnownFileType = wrapper.framework; name = SystemConfiguration.framework; path = System/Library/Frameworks/SystemConfiguration.framework; sourceTree = SDKROOT; };
		D3C7B1EE20AC38C70015CE34 /* Reachability.h */ = {isa = PBXFileReference; fileEncoding = 4; lastKnownFileType = sourcecode.c.h; path = Reachability.h; sourceTree = "<group>"; };
		D3C7B1EF20AC38C70015CE34 /* Reachability.m */ = {isa = PBXFileReference; fileEncoding = 4; lastKnownFileType = sourcecode.c.objc; path = Reachability.m; sourceTree = "<group>"; };
		D3C7B1F520AC3BBD0015CE34 /* UIAlertController+show.h */ = {isa = PBXFileReference; fileEncoding = 4; lastKnownFileType = sourcecode.c.h; path = "UIAlertController+show.h"; sourceTree = "<group>"; };
		D3C7B1F620AC3BBD0015CE34 /* UIAlertController+show.m */ = {isa = PBXFileReference; fileEncoding = 4; lastKnownFileType = sourcecode.c.objc; path = "UIAlertController+show.m"; sourceTree = "<group>"; };
		D3C7B1F820AC406F0015CE34 /* DataModel.h */ = {isa = PBXFileReference; fileEncoding = 4; lastKnownFileType = sourcecode.c.h; path = DataModel.h; sourceTree = "<group>"; };
		D3C7B1F920AC406F0015CE34 /* DataModel.m */ = {isa = PBXFileReference; fileEncoding = 4; lastKnownFileType = sourcecode.c.objc; path = DataModel.m; sourceTree = "<group>"; };
/* End PBXFileReference section */

/* Begin PBXFrameworksBuildPhase section */
		D3C7B1A720ABF4AD0015CE34 /* Frameworks */ = {
			isa = PBXFrameworksBuildPhase;
			buildActionMask = 2147483647;
			files = (
				D3C7B1ED20AC38930015CE34 /* SystemConfiguration.framework in Frameworks */,
			);
			runOnlyForDeploymentPostprocessing = 0;
		};
		D3C7B1C020ABF4AE0015CE34 /* Frameworks */ = {
			isa = PBXFrameworksBuildPhase;
			buildActionMask = 2147483647;
			files = (
			);
			runOnlyForDeploymentPostprocessing = 0;
		};
		D3C7B1CB20ABF4AE0015CE34 /* Frameworks */ = {
			isa = PBXFrameworksBuildPhase;
			buildActionMask = 2147483647;
			files = (
			);
			runOnlyForDeploymentPostprocessing = 0;
		};
/* End PBXFrameworksBuildPhase section */

/* Begin PBXGroup section */
		D3C7B1A120ABF4AD0015CE34 = {
			isa = PBXGroup;
			children = (
				D3C7B1AC20ABF4AD0015CE34 /* TelstraAssignment_ObjC */,
				D3C7B1C620ABF4AE0015CE34 /* TelstraAssignment_ObjCTests */,
				D3C7B1D120ABF4AE0015CE34 /* TelstraAssignment_ObjCUITests */,
				D3C7B1AB20ABF4AD0015CE34 /* Products */,
				D3C7B1EB20AC38930015CE34 /* Frameworks */,
			);
			sourceTree = "<group>";
		};
		D3C7B1AB20ABF4AD0015CE34 /* Products */ = {
			isa = PBXGroup;
			children = (
				D3C7B1AA20ABF4AD0015CE34 /* TelstraAssignment_ObjC.app */,
				D3C7B1C320ABF4AE0015CE34 /* TelstraAssignment_ObjCTests.xctest */,
				D3C7B1CE20ABF4AE0015CE34 /* TelstraAssignment_ObjCUITests.xctest */,
			);
			name = Products;
			sourceTree = "<group>";
		};
		D3C7B1AC20ABF4AD0015CE34 /* TelstraAssignment_ObjC */ = {
			isa = PBXGroup;
			children = (
				D3C7B1FB20AC40790015CE34 /* Model */,
				D3C7B1F120AC38CB0015CE34 /* Networking */,
				D3C7B1E720AC0DC50015CE34 /* View */,
				D3C7B1E320ABFCE10015CE34 /* Utilities */,
				D3C7B1B020ABF4AD0015CE34 /* AppDelegate.h */,
				D3C7B1B120ABF4AD0015CE34 /* AppDelegate.m */,
				D3C7B1B320ABF4AD0015CE34 /* ViewController.h */,
				D3C7B1B420ABF4AD0015CE34 /* ViewController.m */,
				D3C7B1B620ABF4AD0015CE34 /* Main.storyboard */,
				D3C7B1B920ABF4AD0015CE34 /* Assets.xcassets */,
				D3C7B1BB20ABF4AD0015CE34 /* LaunchScreen.storyboard */,
				D3C7B1BE20ABF4AD0015CE34 /* Info.plist */,
				D3C7B1AD20ABF4AD0015CE34 /* Supporting Files */,
			);
			path = TelstraAssignment_ObjC;
			sourceTree = "<group>";
		};
		D3C7B1AD20ABF4AD0015CE34 /* Supporting Files */ = {
			isa = PBXGroup;
			children = (
				D3C7B1AE20ABF4AD0015CE34 /* main.m */,
			);
			name = "Supporting Files";
			sourceTree = "<group>";
		};
		D3C7B1C620ABF4AE0015CE34 /* TelstraAssignment_ObjCTests */ = {
			isa = PBXGroup;
			children = (
				D3C7B1C720ABF4AE0015CE34 /* TelstraAssignment_ObjCTests.m */,
				D3C7B1C920ABF4AE0015CE34 /* Info.plist */,
			);
			path = TelstraAssignment_ObjCTests;
			sourceTree = "<group>";
		};
		D3C7B1D120ABF4AE0015CE34 /* TelstraAssignment_ObjCUITests */ = {
			isa = PBXGroup;
			children = (
				D3C7B1D220ABF4AE0015CE34 /* TelstraAssignment_ObjCUITests.m */,
				D3C7B1D420ABF4AE0015CE34 /* Info.plist */,
			);
			path = TelstraAssignment_ObjCUITests;
			sourceTree = "<group>";
		};
		D3C7B1E320ABFCE10015CE34 /* Utilities */ = {
			isa = PBXGroup;
			children = (
				D3C7B1E620AC09B30015CE34 /* Constant.h */,
				D3C7B1F520AC3BBD0015CE34 /* UIAlertController+show.h */,
				D3C7B1F620AC3BBD0015CE34 /* UIAlertController+show.m */,
			);
			name = Utilities;
			sourceTree = "<group>";
		};
		D3C7B1E720AC0DC50015CE34 /* View */ = {
			isa = PBXGroup;
			children = (
				D3C7B1E820AC0DED0015CE34 /* CustomeTableViewCell.h */,
				D3C7B1E920AC0DED0015CE34 /* CustomeTableViewCell.m */,
			);
			name = View;
			sourceTree = "<group>";
		};
		D3C7B1EB20AC38930015CE34 /* Frameworks */ = {
			isa = PBXGroup;
			children = (
				D3C7B1EC20AC38930015CE34 /* SystemConfiguration.framework */,
			);
			name = Frameworks;
			sourceTree = "<group>";
		};
		D3C7B1F120AC38CB0015CE34 /* Networking */ = {
			isa = PBXGroup;
			children = (
				D3C7B1EE20AC38C70015CE34 /* Reachability.h */,
				D3C7B1EF20AC38C70015CE34 /* Reachability.m */,
			);
			name = Networking;
			sourceTree = "<group>";
		};
		D3C7B1FB20AC40790015CE34 /* Model */ = {
			isa = PBXGroup;
			children = (
				D3C7B1F820AC406F0015CE34 /* DataModel.h */,
				D3C7B1F920AC406F0015CE34 /* DataModel.m */,
			);
			name = Model;
			sourceTree = "<group>";
		};
/* End PBXGroup section */

/* Begin PBXNativeTarget section */
		D3C7B1A920ABF4AD0015CE34 /* TelstraAssignment_ObjC */ = {
			isa = PBXNativeTarget;
			buildConfigurationList = D3C7B1D720ABF4AE0015CE34 /* Build configuration list for PBXNativeTarget "TelstraAssignment_ObjC" */;
			buildPhases = (
				D3C7B1A620ABF4AD0015CE34 /* Sources */,
				D3C7B1A720ABF4AD0015CE34 /* Frameworks */,
				D3C7B1A820ABF4AD0015CE34 /* Resources */,
			);
			buildRules = (
			);
			dependencies = (
			);
			name = TelstraAssignment_ObjC;
			productName = TelstraAssignment_ObjC;
			productReference = D3C7B1AA20ABF4AD0015CE34 /* TelstraAssignment_ObjC.app */;
			productType = "com.apple.product-type.application";
		};
		D3C7B1C220ABF4AE0015CE34 /* TelstraAssignment_ObjCTests */ = {
			isa = PBXNativeTarget;
			buildConfigurationList = D3C7B1DA20ABF4AE0015CE34 /* Build configuration list for PBXNativeTarget "TelstraAssignment_ObjCTests" */;
			buildPhases = (
				D3C7B1BF20ABF4AE0015CE34 /* Sources */,
				D3C7B1C020ABF4AE0015CE34 /* Frameworks */,
				D3C7B1C120ABF4AE0015CE34 /* Resources */,
			);
			buildRules = (
			);
			dependencies = (
				D3C7B1C520ABF4AE0015CE34 /* PBXTargetDependency */,
			);
			name = TelstraAssignment_ObjCTests;
			productName = TelstraAssignment_ObjCTests;
			productReference = D3C7B1C320ABF4AE0015CE34 /* TelstraAssignment_ObjCTests.xctest */;
			productType = "com.apple.product-type.bundle.unit-test";
		};
		D3C7B1CD20ABF4AE0015CE34 /* TelstraAssignment_ObjCUITests */ = {
			isa = PBXNativeTarget;
			buildConfigurationList = D3C7B1DD20ABF4AE0015CE34 /* Build configuration list for PBXNativeTarget "TelstraAssignment_ObjCUITests" */;
			buildPhases = (
				D3C7B1CA20ABF4AE0015CE34 /* Sources */,
				D3C7B1CB20ABF4AE0015CE34 /* Frameworks */,
				D3C7B1CC20ABF4AE0015CE34 /* Resources */,
			);
			buildRules = (
			);
			dependencies = (
				D3C7B1D020ABF4AE0015CE34 /* PBXTargetDependency */,
			);
			name = TelstraAssignment_ObjCUITests;
			productName = TelstraAssignment_ObjCUITests;
			productReference = D3C7B1CE20ABF4AE0015CE34 /* TelstraAssignment_ObjCUITests.xctest */;
			productType = "com.apple.product-type.bundle.ui-testing";
		};
/* End PBXNativeTarget section */

/* Begin PBXProject section */
		D3C7B1A220ABF4AD0015CE34 /* Project object */ = {
			isa = PBXProject;
			attributes = {
				LastUpgradeCheck = 0820;
				ORGANIZATIONNAME = infosys;
				TargetAttributes = {
					D3C7B1A920ABF4AD0015CE34 = {
						CreatedOnToolsVersion = 8.2.1;
						DevelopmentTeam = X78BQYR3TH;
						ProvisioningStyle = Automatic;
					};
					D3C7B1C220ABF4AE0015CE34 = {
						CreatedOnToolsVersion = 8.2.1;
						DevelopmentTeam = X78BQYR3TH;
						ProvisioningStyle = Automatic;
						TestTargetID = D3C7B1A920ABF4AD0015CE34;
					};
					D3C7B1CD20ABF4AE0015CE34 = {
						CreatedOnToolsVersion = 8.2.1;
						DevelopmentTeam = X78BQYR3TH;
						ProvisioningStyle = Automatic;
						TestTargetID = D3C7B1A920ABF4AD0015CE34;
					};
				};
			};
			buildConfigurationList = D3C7B1A520ABF4AD0015CE34 /* Build configuration list for PBXProject "TelstraAssignment_ObjC" */;
			compatibilityVersion = "Xcode 3.2";
			developmentRegion = English;
			hasScannedForEncodings = 0;
			knownRegions = (
				en,
				Base,
			);
			mainGroup = D3C7B1A120ABF4AD0015CE34;
			productRefGroup = D3C7B1AB20ABF4AD0015CE34 /* Products */;
			projectDirPath = "";
			projectRoot = "";
			targets = (
				D3C7B1A920ABF4AD0015CE34 /* TelstraAssignment_ObjC */,
				D3C7B1C220ABF4AE0015CE34 /* TelstraAssignment_ObjCTests */,
				D3C7B1CD20ABF4AE0015CE34 /* TelstraAssignment_ObjCUITests */,
			);
		};
/* End PBXProject section */

/* Begin PBXResourcesBuildPhase section */
		D3C7B1A820ABF4AD0015CE34 /* Resources */ = {
			isa = PBXResourcesBuildPhase;
			buildActionMask = 2147483647;
			files = (
				D3C7B1BD20ABF4AD0015CE34 /* LaunchScreen.storyboard in Resources */,
				D3C7B1BA20ABF4AD0015CE34 /* Assets.xcassets in Resources */,
				D3C7B1B820ABF4AD0015CE34 /* Main.storyboard in Resources */,
			);
			runOnlyForDeploymentPostprocessing = 0;
		};
		D3C7B1C120ABF4AE0015CE34 /* Resources */ = {
			isa = PBXResourcesBuildPhase;
			buildActionMask = 2147483647;
			files = (
			);
			runOnlyForDeploymentPostprocessing = 0;
		};
		D3C7B1CC20ABF4AE0015CE34 /* Resources */ = {
			isa = PBXResourcesBuildPhase;
			buildActionMask = 2147483647;
			files = (
			);
			runOnlyForDeploymentPostprocessing = 0;
		};
/* End PBXResourcesBuildPhase section */

/* Begin PBXSourcesBuildPhase section */
		D3C7B1A620ABF4AD0015CE34 /* Sources */ = {
			isa = PBXSourcesBuildPhase;
			buildActionMask = 2147483647;
			files = (
				D3C7B1EA20AC0DED0015CE34 /* CustomeTableViewCell.m in Sources */,
				D3C7B1B520ABF4AD0015CE34 /* ViewController.m in Sources */,
				D3C7B1B220ABF4AD0015CE34 /* AppDelegate.m in Sources */,
				D3C7B1AF20ABF4AD0015CE34 /* main.m in Sources */,
				D3C7B1FA20AC406F0015CE34 /* DataModel.m in Sources */,
				D3C7B1F020AC38C70015CE34 /* Reachability.m in Sources */,
				D3C7B1F720AC3BBD0015CE34 /* UIAlertController+show.m in Sources */,
			);
			runOnlyForDeploymentPostprocessing = 0;
		};
		D3C7B1BF20ABF4AE0015CE34 /* Sources */ = {
			isa = PBXSourcesBuildPhase;
			buildActionMask = 2147483647;
			files = (
				D3C7B1C820ABF4AE0015CE34 /* TelstraAssignment_ObjCTests.m in Sources */,
			);
			runOnlyForDeploymentPostprocessing = 0;
		};
		D3C7B1CA20ABF4AE0015CE34 /* Sources */ = {
			isa = PBXSourcesBuildPhase;
			buildActionMask = 2147483647;
			files = (
				D3C7B1D320ABF4AE0015CE34 /* TelstraAssignment_ObjCUITests.m in Sources */,
			);
			runOnlyForDeploymentPostprocessing = 0;
		};
/* End PBXSourcesBuildPhase section */

/* Begin PBXTargetDependency section */
		D3C7B1C520ABF4AE0015CE34 /* PBXTargetDependency */ = {
			isa = PBXTargetDependency;
			target = D3C7B1A920ABF4AD0015CE34 /* TelstraAssignment_ObjC */;
			targetProxy = D3C7B1C420ABF4AE0015CE34 /* PBXContainerItemProxy */;
		};
		D3C7B1D020ABF4AE0015CE34 /* PBXTargetDependency */ = {
			isa = PBXTargetDependency;
			target = D3C7B1A920ABF4AD0015CE34 /* TelstraAssignment_ObjC */;
			targetProxy = D3C7B1CF20ABF4AE0015CE34 /* PBXContainerItemProxy */;
		};
/* End PBXTargetDependency section */

/* Begin PBXVariantGroup section */
		D3C7B1B620ABF4AD0015CE34 /* Main.storyboard */ = {
			isa = PBXVariantGroup;
			children = (
				D3C7B1B720ABF4AD0015CE34 /* Base */,
			);
			name = Main.storyboard;
			sourceTree = "<group>";
		};
		D3C7B1BB20ABF4AD0015CE34 /* LaunchScreen.storyboard */ = {
			isa = PBXVariantGroup;
			children = (
				D3C7B1BC20ABF4AD0015CE34 /* Base */,
			);
			name = LaunchScreen.storyboard;
			sourceTree = "<group>";
		};
/* End PBXVariantGroup section */

/* Begin XCBuildConfiguration section */
		D3C7B1D520ABF4AE0015CE34 /* Debug */ = {
			isa = XCBuildConfiguration;
			buildSettings = {
				ALWAYS_SEARCH_USER_PATHS = NO;
				CLANG_ANALYZER_NONNULL = YES;
				CLANG_CXX_LANGUAGE_STANDARD = "gnu++0x";
				CLANG_CXX_LIBRARY = "libc++";
				CLANG_ENABLE_MODULES = YES;
				CLANG_ENABLE_OBJC_ARC = YES;
				CLANG_WARN_BOOL_CONVERSION = YES;
				CLANG_WARN_CONSTANT_CONVERSION = YES;
				CLANG_WARN_DIRECT_OBJC_ISA_USAGE = YES_ERROR;
				CLANG_WARN_DOCUMENTATION_COMMENTS = YES;
				CLANG_WARN_EMPTY_BODY = YES;
				CLANG_WARN_ENUM_CONVERSION = YES;
				CLANG_WARN_INFINITE_RECURSION = YES;
				CLANG_WARN_INT_CONVERSION = YES;
				CLANG_WARN_OBJC_ROOT_CLASS = YES_ERROR;
				CLANG_WARN_SUSPICIOUS_MOVE = YES;
				CLANG_WARN_UNREACHABLE_CODE = YES;
				CLANG_WARN__DUPLICATE_METHOD_MATCH = YES;
				"CODE_SIGN_IDENTITY[sdk=iphoneos*]" = "iPhone Developer";
				COPY_PHASE_STRIP = NO;
				DEBUG_INFORMATION_FORMAT = dwarf;
				ENABLE_STRICT_OBJC_MSGSEND = YES;
				ENABLE_TESTABILITY = YES;
				GCC_C_LANGUAGE_STANDARD = gnu99;
				GCC_DYNAMIC_NO_PIC = NO;
				GCC_NO_COMMON_BLOCKS = YES;
				GCC_OPTIMIZATION_LEVEL = 0;
				GCC_PREPROCESSOR_DEFINITIONS = (
					"DEBUG=1",
					"$(inherited)",
				);
				GCC_WARN_64_TO_32_BIT_CONVERSION = YES;
				GCC_WARN_ABOUT_RETURN_TYPE = YES_ERROR;
				GCC_WARN_UNDECLARED_SELECTOR = YES;
				GCC_WARN_UNINITIALIZED_AUTOS = YES_AGGRESSIVE;
				GCC_WARN_UNUSED_FUNCTION = YES;
				GCC_WARN_UNUSED_VARIABLE = YES;
				IPHONEOS_DEPLOYMENT_TARGET = 10.2;
				MTL_ENABLE_DEBUG_INFO = YES;
				ONLY_ACTIVE_ARCH = YES;
				SDKROOT = iphoneos;
				TARGETED_DEVICE_FAMILY = "1,2";
			};
			name = Debug;
		};
		D3C7B1D620ABF4AE0015CE34 /* Release */ = {
			isa = XCBuildConfiguration;
			buildSettings = {
				ALWAYS_SEARCH_USER_PATHS = NO;
				CLANG_ANALYZER_NONNULL = YES;
				CLANG_CXX_LANGUAGE_STANDARD = "gnu++0x";
				CLANG_CXX_LIBRARY = "libc++";
				CLANG_ENABLE_MODULES = YES;
				CLANG_ENABLE_OBJC_ARC = YES;
				CLANG_WARN_BOOL_CONVERSION = YES;
				CLANG_WARN_CONSTANT_CONVERSION = YES;
				CLANG_WARN_DIRECT_OBJC_ISA_USAGE = YES_ERROR;
				CLANG_WARN_DOCUMENTATION_COMMENTS = YES;
				CLANG_WARN_EMPTY_BODY = YES;
				CLANG_WARN_ENUM_CONVERSION = YES;
				CLANG_WARN_INFINITE_RECURSION = YES;
				CLANG_WARN_INT_CONVERSION = YES;
				CLANG_WARN_OBJC_ROOT_CLASS = YES_ERROR;
				CLANG_WARN_SUSPICIOUS_MOVE = YES;
				CLANG_WARN_UNREACHABLE_CODE = YES;
				CLANG_WARN__DUPLICATE_METHOD_MATCH = YES;
				"CODE_SIGN_IDENTITY[sdk=iphoneos*]" = "iPhone Developer";
				COPY_PHASE_STRIP = NO;
				DEBUG_INFORMATION_FORMAT = "dwarf-with-dsym";
				ENABLE_NS_ASSERTIONS = NO;
				ENABLE_STRICT_OBJC_MSGSEND = YES;
				GCC_C_LANGUAGE_STANDARD = gnu99;
				GCC_NO_COMMON_BLOCKS = YES;
				GCC_WARN_64_TO_32_BIT_CONVERSION = YES;
				GCC_WARN_ABOUT_RETURN_TYPE = YES_ERROR;
				GCC_WARN_UNDECLARED_SELECTOR = YES;
				GCC_WARN_UNINITIALIZED_AUTOS = YES_AGGRESSIVE;
				GCC_WARN_UNUSED_FUNCTION = YES;
				GCC_WARN_UNUSED_VARIABLE = YES;
				IPHONEOS_DEPLOYMENT_TARGET = 10.2;
				MTL_ENABLE_DEBUG_INFO = NO;
				SDKROOT = iphoneos;
				TARGETED_DEVICE_FAMILY = "1,2";
				VALIDATE_PRODUCT = YES;
			};
			name = Release;
		};
		D3C7B1D820ABF4AE0015CE34 /* Debug */ = {
			isa = XCBuildConfiguration;
			buildSettings = {
				ASSETCATALOG_COMPILER_APPICON_NAME = AppIcon;
				DEVELOPMENT_TEAM = X78BQYR3TH;
				INFOPLIST_FILE = TelstraAssignment_ObjC/Info.plist;
				LD_RUNPATH_SEARCH_PATHS = "$(inherited) @executable_path/Frameworks";
				PRODUCT_BUNDLE_IDENTIFIER = "com.infosys.TelstraAssignment-ObjC";
				PRODUCT_NAME = "$(TARGET_NAME)";
			};
			name = Debug;
		};
		D3C7B1D920ABF4AE0015CE34 /* Release */ = {
			isa = XCBuildConfiguration;
			buildSettings = {
				ASSETCATALOG_COMPILER_APPICON_NAME = AppIcon;
				DEVELOPMENT_TEAM = X78BQYR3TH;
				INFOPLIST_FILE = TelstraAssignment_ObjC/Info.plist;
				LD_RUNPATH_SEARCH_PATHS = "$(inherited) @executable_path/Frameworks";
				PRODUCT_BUNDLE_IDENTIFIER = "com.infosys.TelstraAssignment-ObjC";
				PRODUCT_NAME = "$(TARGET_NAME)";
			};
			name = Release;
		};
		D3C7B1DB20ABF4AE0015CE34 /* Debug */ = {
			isa = XCBuildConfiguration;
			buildSettings = {
				BUNDLE_LOADER = "$(TEST_HOST)";
				DEVELOPMENT_TEAM = X78BQYR3TH;
				INFOPLIST_FILE = TelstraAssignment_ObjCTests/Info.plist;
				LD_RUNPATH_SEARCH_PATHS = "$(inherited) @executable_path/Frameworks @loader_path/Frameworks";
				PRODUCT_BUNDLE_IDENTIFIER = "com.infosys.TelstraAssignment-ObjCTests";
				PRODUCT_NAME = "$(TARGET_NAME)";
				TEST_HOST = "$(BUILT_PRODUCTS_DIR)/TelstraAssignment_ObjC.app/TelstraAssignment_ObjC";
			};
			name = Debug;
		};
		D3C7B1DC20ABF4AE0015CE34 /* Release */ = {
			isa = XCBuildConfiguration;
			buildSettings = {
				BUNDLE_LOADER = "$(TEST_HOST)";
				DEVELOPMENT_TEAM = X78BQYR3TH;
				INFOPLIST_FILE = TelstraAssignment_ObjCTests/Info.plist;
				LD_RUNPATH_SEARCH_PATHS = "$(inherited) @executable_path/Frameworks @loader_path/Frameworks";
				PRODUCT_BUNDLE_IDENTIFIER = "com.infosys.TelstraAssignment-ObjCTests";
				PRODUCT_NAME = "$(TARGET_NAME)";
				TEST_HOST = "$(BUILT_PRODUCTS_DIR)/TelstraAssignment_ObjC.app/TelstraAssignment_ObjC";
			};
			name = Release;
		};
		D3C7B1DE20ABF4AE0015CE34 /* Debug */ = {
			isa = XCBuildConfiguration;
			buildSettings = {
				DEVELOPMENT_TEAM = X78BQYR3TH;
				INFOPLIST_FILE = TelstraAssignment_ObjCUITests/Info.plist;
				LD_RUNPATH_SEARCH_PATHS = "$(inherited) @executable_path/Frameworks @loader_path/Frameworks";
				PRODUCT_BUNDLE_IDENTIFIER = "com.infosys.TelstraAssignment-ObjCUITests";
				PRODUCT_NAME = "$(TARGET_NAME)";
				TEST_TARGET_NAME = TelstraAssignment_ObjC;
			};
			name = Debug;
		};
		D3C7B1DF20ABF4AE0015CE34 /* Release */ = {
			isa = XCBuildConfiguration;
			buildSettings = {
				DEVELOPMENT_TEAM = X78BQYR3TH;
				INFOPLIST_FILE = TelstraAssignment_ObjCUITests/Info.plist;
				LD_RUNPATH_SEARCH_PATHS = "$(inherited) @executable_path/Frameworks @loader_path/Frameworks";
				PRODUCT_BUNDLE_IDENTIFIER = "com.infosys.TelstraAssignment-ObjCUITests";
				PRODUCT_NAME = "$(TARGET_NAME)";
				TEST_TARGET_NAME = TelstraAssignment_ObjC;
			};
			name = Release;
		};
/* End XCBuildConfiguration section */

/* Begin XCConfigurationList section */
		D3C7B1A520ABF4AD0015CE34 /* Build configuration list for PBXProject "TelstraAssignment_ObjC" */ = {
			isa = XCConfigurationList;
			buildConfigurations = (
				D3C7B1D520ABF4AE0015CE34 /* Debug */,
				D3C7B1D620ABF4AE0015CE34 /* Release */,
			);
			defaultConfigurationIsVisible = 0;
			defaultConfigurationName = Release;
		};
		D3C7B1D720ABF4AE0015CE34 /* Build configuration list for PBXNativeTarget "TelstraAssignment_ObjC" */ = {
			isa = XCConfigurationList;
			buildConfigurations = (
				D3C7B1D820ABF4AE0015CE34 /* Debug */,
				D3C7B1D920ABF4AE0015CE34 /* Release */,
			);
			defaultConfigurationIsVisible = 0;
		};
		D3C7B1DA20ABF4AE0015CE34 /* Build configuration list for PBXNativeTarget "TelstraAssignment_ObjCTests" */ = {
			isa = XCConfigurationList;
			buildConfigurations = (
				D3C7B1DB20ABF4AE0015CE34 /* Debug */,
				D3C7B1DC20ABF4AE0015CE34 /* Release */,
			);
			defaultConfigurationIsVisible = 0;
		};
		D3C7B1DD20ABF4AE0015CE34 /* Build configuration list for PBXNativeTarget "TelstraAssignment_ObjCUITests" */ = {
			isa = XCConfigurationList;
			buildConfigurations = (
				D3C7B1DE20ABF4AE0015CE34 /* Debug */,
				D3C7B1DF20ABF4AE0015CE34 /* Release */,
			);
			defaultConfigurationIsVisible = 0;
		};
/* End XCConfigurationList section */
	};
	rootObject = D3C7B1A220ABF4AD0015CE34 /* Project object */;
}
